
Microsoft Visual Studio Solution File, Format Version 12.00
# Visual Studio 14
VisualStudioVersion = 14.0.25420.1
MinimumVisualStudioVersion = 10.0.40219.1
Project("{FAE04EC0-301F-11D3-BF4B-00C04F79EFBC}") = "PCSS_Group304_5000Client", "PCSS_Group304_5000Client.csproj", "{11D15171-AF78-4ABC-9D7D-DB84B7F7B860}"
EndProject
Global
	GlobalSection(SolutionConfigurationPlatforms) = preSolution
		Debug|Any CPU = Debug|Any CPU
		Release|Any CPU = Release|Any CPU
	EndGlobalSection
	GlobalSection(ProjectConfigurationPlatforms) = postSolution
		{11D15171-AF78-4ABC-9D7D-DB84B7F7B860}.Debug|Any CPU.ActiveCfg = Debug|Any CPU
		{11D15171-AF78-4ABC-9D7D-DB84B7F7B860}.Debug|Any CPU.Build.0 = Debug|Any CPU
		{11D15171-AF78-4ABC-9D7D-DB84B7F7B860}.Release|Any CPU.ActiveCfg = Release|Any CPU
		{11D15171-AF78-4ABC-9D7D-DB84B7F7B860}.Release|Any CPU.Build.0 = Release|Any CPU
	EndGlobalSection
	GlobalSection(SolutionProperties) = preSolution
		HideSolutionNode = FALSE
	EndGlobalSection
EndGlobal
